{
  "requires": true,
  "lockfileVersion": 1,
  "dependencies": {
    "react-editext": {
      "version": "3.18.0",
      "resolved": "https://registry.npmjs.org/react-editext/-/react-editext-3.18.0.tgz",
      "integrity": "sha512-8lxQ6Uq5cVufzQqVA+yG55XmcZs+y7T6/qEoCsAQmViaD8cWtzfBVwWLOe05bjNWLxF6ZFXHT87KP4n8ntSlLg=="
    }
  }
}
